
Microsoft Visual Studio Solution File, Format Version 12.00
# Visual Studio Version 17
VisualStudioVersion = 17.7.34202.233
MinimumVisualStudioVersion = 10.0.40219.1
Project("{FAE04EC0-301F-11D3-BF4B-00C04F79EFBC}") = "DateApp", "DateApp.csproj", "{F6E6C6B6-87D5-44C1-B900-237C1DFCAC48}"
EndProject
Global
	GlobalSection(SolutionConfigurationPlatforms) = preSolution
		Debug|Any CPU = Debug|Any CPU
		Release|Any CPU = Release|Any CPU
	EndGlobalSection
	GlobalSection(ProjectConfigurationPlatforms) = postSolution
		{F6E6C6B6-87D5-44C1-B900-237C1DFCAC48}.Debug|Any CPU.ActiveCfg = Debug|Any CPU
		{F6E6C6B6-87D5-44C1-B900-237C1DFCAC48}.Debug|Any CPU.Build.0 = Debug|Any CPU
		{F6E6C6B6-87D5-44C1-B900-237C1DFCAC48}.Release|Any CPU.ActiveCfg = Release|Any CPU
		{F6E6C6B6-87D5-44C1-B900-237C1DFCAC48}.Release|Any CPU.Build.0 = Release|Any CPU
	EndGlobalSection
	GlobalSection(SolutionProperties) = preSolution
		HideSolutionNode = FALSE
	EndGlobalSection
	GlobalSection(ExtensibilityGlobals) = postSolution
		SolutionGuid = {0E95BF3D-5CFE-4D0E-81DB-46DBAA6CCF6C}
	EndGlobalSection
EndGlobal
